
Microsoft Visual Studio Solution File, Format Version 12.00
# Visual Studio Version 17
VisualStudioVersion = 17.9.34728.123
MinimumVisualStudioVersion = 10.0.40219.1
Project("{9A19103F-16F7-4668-BE54-9A1E7A4F7556}") = "PrototypePatern", "PrototypePatern\PrototypePatern.csproj", "{00F35C45-D2CC-4197-A09C-1756DCA61F21}"
EndProject
Global
	GlobalSection(SolutionConfigurationPlatforms) = preSolution
		Debug|Any CPU = Debug|Any CPU
		Release|Any CPU = Release|Any CPU
	EndGlobalSection
	GlobalSection(ProjectConfigurationPlatforms) = postSolution
		{00F35C45-D2CC-4197-A09C-1756DCA61F21}.Debug|Any CPU.ActiveCfg = Debug|Any CPU
		{00F35C45-D2CC-4197-A09C-1756DCA61F21}.Debug|Any CPU.Build.0 = Debug|Any CPU
		{00F35C45-D2CC-4197-A09C-1756DCA61F21}.Release|Any CPU.ActiveCfg = Release|Any CPU
		{00F35C45-D2CC-4197-A09C-1756DCA61F21}.Release|Any CPU.Build.0 = Release|Any CPU
	EndGlobalSection
	GlobalSection(SolutionProperties) = preSolution
		HideSolutionNode = FALSE
	EndGlobalSection
	GlobalSection(ExtensibilityGlobals) = postSolution
		SolutionGuid = {C1C44120-639E-4DAD-9C4B-E35D8C1DF203}
	EndGlobalSection
EndGlobal
